Microsoft Visual Studio Solution File, Format Version 12.00
# Visual Studio 2012
Project("{FAE04EC0-301F-11D3-BF4B-00C04F79EFBC}") = "DisintegrationShader", "DisintegrationShader.csproj", "{20E82AD7-847D-4BB6-861E-0D0DE04CDCE9}"
EndProject
Global
	GlobalSection(SolutionConfigurationPlatforms) = preSolution
	Debug|Any CPU = Debug|Any CPU
	ExportDebug|Any CPU = ExportDebug|Any CPU
	ExportRelease|Any CPU = ExportRelease|Any CPU
	EndGlobalSection
	GlobalSection(ProjectConfigurationPlatforms) = postSolution
		{20E82AD7-847D-4BB6-861E-0D0DE04CDCE9}.Debug|Any CPU.ActiveCfg = Debug|Any CPU
		{20E82AD7-847D-4BB6-861E-0D0DE04CDCE9}.Debug|Any CPU.Build.0 = Debug|Any CPU
		{20E82AD7-847D-4BB6-861E-0D0DE04CDCE9}.ExportDebug|Any CPU.ActiveCfg = ExportDebug|Any CPU
		{20E82AD7-847D-4BB6-861E-0D0DE04CDCE9}.ExportDebug|Any CPU.Build.0 = ExportDebug|Any CPU
		{20E82AD7-847D-4BB6-861E-0D0DE04CDCE9}.ExportRelease|Any CPU.ActiveCfg = ExportRelease|Any CPU
		{20E82AD7-847D-4BB6-861E-0D0DE04CDCE9}.ExportRelease|Any CPU.Build.0 = ExportRelease|Any CPU
	EndGlobalSection
EndGlobal
